{
  "originHash" : "724aebfb2ac3bc6f1e50343654a1eb69cab4f49e4b9e0892efa4c45ad40fcbe2",
  "pins" : [
    {
      "identity" : "resizablesheetoverlay",
      "kind" : "remoteSourceControl",
      "location" : "https://github.com/ezathashim/ResizableSheetOverlay",
      "state" : {
        "branch" : "main",
        "revision" : "0b502da83949647d1a14c878e3a12ee3a7620a09"
      }
    }
  ],
  "version" : 3
}
